
Microsoft Visual Studio Solution File, Format Version 12.00
# Visual Studio Version 17
VisualStudioVersion = 17.8.34004.107
MinimumVisualStudioVersion = 10.0.40219.1
Project("{9A19103F-16F7-4668-BE54-9A1E7A4F7556}") = "UdemyObservability.ConsoleApp", "UdemyObservability.ConsoleApp\UdemyObservability.ConsoleApp.csproj", "{B181BBA3-D6D6-4584-9326-F938D81BC5A1}"
EndProject
Project("{E53339B2-1760-4266-BCC7-CA923CBCF16C}") = "docker-compose", "docker-compose.dcproj", "{7EA9BC9F-C13B-4534-AEB0-BC7D122F2C81}"
EndProject
Project("{9A19103F-16F7-4668-BE54-9A1E7A4F7556}") = "OpenTelemetry.Shared", "OpenTelemetry.Shared\OpenTelemetry.Shared.csproj", "{FD518706-3A89-4DD1-91BE-9D79C5A9EABD}"
EndProject
Project("{9A19103F-16F7-4668-BE54-9A1E7A4F7556}") = "Order.API", "Order.API\Order.API.csproj", "{EF67E33B-A695-4A3E-9F50-56A7C9EE835B}"
EndProject
Project("{9A19103F-16F7-4668-BE54-9A1E7A4F7556}") = "Common.Shared", "Common.Shared\Common.Shared.csproj", "{F4740E39-3486-4035-B064-93437960EAF5}"
EndProject
Project("{9A19103F-16F7-4668-BE54-9A1E7A4F7556}") = "Stock.API", "Stock.API\Stock.API.csproj", "{4EECBA89-5702-4D0A-B059-8152ED76A269}"
EndProject
Project("{9A19103F-16F7-4668-BE54-9A1E7A4F7556}") = "Payment.API", "Payment.API\Payment.API.csproj", "{D6B55958-A54C-4E13-BFD8-65D14830D258}"
EndProject
Project("{9A19103F-16F7-4668-BE54-9A1E7A4F7556}") = "Logging.Shared", "Logging.Shared\Logging.Shared.csproj", "{3495F674-B996-429A-AF28-1CC6818FC80A}"
EndProject
Global
	GlobalSection(SolutionConfigurationPlatforms) = preSolution
		Debug|Any CPU = Debug|Any CPU
		Release|Any CPU = Release|Any CPU
	EndGlobalSection
	GlobalSection(ProjectConfigurationPlatforms) = postSolution
		{B181BBA3-D6D6-4584-9326-F938D81BC5A1}.Debug|Any CPU.ActiveCfg = Debug|Any CPU
		{B181BBA3-D6D6-4584-9326-F938D81BC5A1}.Debug|Any CPU.Build.0 = Debug|Any CPU
		{B181BBA3-D6D6-4584-9326-F938D81BC5A1}.Release|Any CPU.ActiveCfg = Release|Any CPU
		{B181BBA3-D6D6-4584-9326-F938D81BC5A1}.Release|Any CPU.Build.0 = Release|Any CPU
		{7EA9BC9F-C13B-4534-AEB0-BC7D122F2C81}.Debug|Any CPU.ActiveCfg = Debug|Any CPU
		{7EA9BC9F-C13B-4534-AEB0-BC7D122F2C81}.Debug|Any CPU.Build.0 = Debug|Any CPU
		{7EA9BC9F-C13B-4534-AEB0-BC7D122F2C81}.Release|Any CPU.ActiveCfg = Release|Any CPU
		{7EA9BC9F-C13B-4534-AEB0-BC7D122F2C81}.Release|Any CPU.Build.0 = Release|Any CPU
		{FD518706-3A89-4DD1-91BE-9D79C5A9EABD}.Debug|Any CPU.ActiveCfg = Debug|Any CPU
		{FD518706-3A89-4DD1-91BE-9D79C5A9EABD}.Debug|Any CPU.Build.0 = Debug|Any CPU
		{FD518706-3A89-4DD1-91BE-9D79C5A9EABD}.Release|Any CPU.ActiveCfg = Release|Any CPU
		{FD518706-3A89-4DD1-91BE-9D79C5A9EABD}.Release|Any CPU.Build.0 = Release|Any CPU
		{EF67E33B-A695-4A3E-9F50-56A7C9EE835B}.Debug|Any CPU.ActiveCfg = Debug|Any CPU
		{EF67E33B-A695-4A3E-9F50-56A7C9EE835B}.Debug|Any CPU.Build.0 = Debug|Any CPU
		{EF67E33B-A695-4A3E-9F50-56A7C9EE835B}.Release|Any CPU.ActiveCfg = Release|Any CPU
		{EF67E33B-A695-4A3E-9F50-56A7C9EE835B}.Release|Any CPU.Build.0 = Release|Any CPU
		{F4740E39-3486-4035-B064-93437960EAF5}.Debug|Any CPU.ActiveCfg = Debug|Any CPU
		{F4740E39-3486-4035-B064-93437960EAF5}.Debug|Any CPU.Build.0 = Debug|Any CPU
		{F4740E39-3486-4035-B064-93437960EAF5}.Release|Any CPU.ActiveCfg = Release|Any CPU
		{F4740E39-3486-4035-B064-93437960EAF5}.Release|Any CPU.Build.0 = Release|Any CPU
		{4EECBA89-5702-4D0A-B059-8152ED76A269}.Debug|Any CPU.ActiveCfg = Debug|Any CPU
		{4EECBA89-5702-4D0A-B059-8152ED76A269}.Debug|Any CPU.Build.0 = Debug|Any CPU
		{4EECBA89-5702-4D0A-B059-8152ED76A269}.Release|Any CPU.ActiveCfg = Release|Any CPU
		{4EECBA89-5702-4D0A-B059-8152ED76A269}.Release|Any CPU.Build.0 = Release|Any CPU
		{D6B55958-A54C-4E13-BFD8-65D14830D258}.Debug|Any CPU.ActiveCfg = Debug|Any CPU
		{D6B55958-A54C-4E13-BFD8-65D14830D258}.Debug|Any CPU.Build.0 = Debug|Any CPU
		{D6B55958-A54C-4E13-BFD8-65D14830D258}.Release|Any CPU.ActiveCfg = Release|Any CPU
		{D6B55958-A54C-4E13-BFD8-65D14830D258}.Release|Any CPU.Build.0 = Release|Any CPU
		{3495F674-B996-429A-AF28-1CC6818FC80A}.Debug|Any CPU.ActiveCfg = Debug|Any CPU
		{3495F674-B996-429A-AF28-1CC6818FC80A}.Debug|Any CPU.Build.0 = Debug|Any CPU
		{3495F674-B996-429A-AF28-1CC6818FC80A}.Release|Any CPU.ActiveCfg = Release|Any CPU
		{3495F674-B996-429A-AF28-1CC6818FC80A}.Release|Any CPU.Build.0 = Release|Any CPU
	EndGlobalSection
	GlobalSection(SolutionProperties) = preSolution
		HideSolutionNode = FALSE
	EndGlobalSection
	GlobalSection(ExtensibilityGlobals) = postSolution
		SolutionGuid = {62574852-11EA-4C4B-B20A-7FFCF9C92DD8}
	EndGlobalSection
EndGlobal
